
Microsoft Visual Studio Solution File, Format Version 12.00
# Visual Studio Version 17
VisualStudioVersion = 17.7.34202.233
MinimumVisualStudioVersion = 10.0.40219.1
Project("{C9674DCB-5085-4A16-B785-4C70DD1589BD}") = "Seminar_Crawl", "Seminar_Crawl\Seminar_Crawl.dtproj", "{4CD05B47-FCFD-4A7E-B9DC-65B1989EE6DD}"
EndProject
Global
	GlobalSection(SolutionConfigurationPlatforms) = preSolution
		Development|Default = Development|Default
	EndGlobalSection
	GlobalSection(ProjectConfigurationPlatforms) = postSolution
		{4CD05B47-FCFD-4A7E-B9DC-65B1989EE6DD}.Development|Default.ActiveCfg = Development
		{4CD05B47-FCFD-4A7E-B9DC-65B1989EE6DD}.Development|Default.Build.0 = Development
	EndGlobalSection
	GlobalSection(SolutionProperties) = preSolution
		HideSolutionNode = FALSE
	EndGlobalSection
	GlobalSection(ExtensibilityGlobals) = postSolution
		SolutionGuid = {E9AE4BA0-7690-4B17-938F-D8176890E6AD}
	EndGlobalSection
EndGlobal
